
Microsoft Visual Studio Solution File, Format Version 12.00
# Visual Studio Version 17
VisualStudioVersion = 17.8.34330.188
MinimumVisualStudioVersion = 10.0.40219.1
Project("{FAE04EC0-301F-11D3-BF4B-00C04F79EFBC}") = "Omnicasa.Analyzers", "Omnicasa.Analyzer\Omnicasa.Analyzers.csproj", "{5C06E3DB-1767-4A7F-A46A-B986880607E0}"
EndProject
Project("{2150E333-8FDC-42A3-9474-1A3956D46DE8}") = "test", "test", "{0A8343C4-E270-4EA2-8FD6-D33A93BC0068}"
EndProject
Project("{9A19103F-16F7-4668-BE54-9A1E7A4F7556}") = "Omnicasa.Analyzer.Test", "Omnicasa.Analyzer.Test\Omnicasa.Analyzer.Test.csproj", "{55AEE57E-6B80-4DA3-B6EB-2060986E03B1}"
EndProject
Project("{2150E333-8FDC-42A3-9474-1A3956D46DE8}") = "Solution Items", "Solution Items", "{D15BCEFE-A80A-404E-916E-5C1C7995144A}"
	ProjectSection(SolutionItems) = preProject
		Omnicasa.Analyzers.nuspec = Omnicasa.Analyzers.nuspec
		.github\workflows\dev.yaml = .github\workflows\dev.yaml
		.github\workflows\publish.yaml = .github\workflows\publish.yaml
	EndProjectSection
EndProject
Global
	GlobalSection(SolutionConfigurationPlatforms) = preSolution
		Debug|Any CPU = Debug|Any CPU
		Release|Any CPU = Release|Any CPU
	EndGlobalSection
	GlobalSection(ProjectConfigurationPlatforms) = postSolution
		{5C06E3DB-1767-4A7F-A46A-B986880607E0}.Debug|Any CPU.ActiveCfg = Release|Any CPU
		{5C06E3DB-1767-4A7F-A46A-B986880607E0}.Debug|Any CPU.Build.0 = Release|Any CPU
		{5C06E3DB-1767-4A7F-A46A-B986880607E0}.Release|Any CPU.ActiveCfg = Release|Any CPU
		{5C06E3DB-1767-4A7F-A46A-B986880607E0}.Release|Any CPU.Build.0 = Release|Any CPU
		{55AEE57E-6B80-4DA3-B6EB-2060986E03B1}.Debug|Any CPU.ActiveCfg = Debug|Any CPU
		{55AEE57E-6B80-4DA3-B6EB-2060986E03B1}.Debug|Any CPU.Build.0 = Debug|Any CPU
		{55AEE57E-6B80-4DA3-B6EB-2060986E03B1}.Release|Any CPU.ActiveCfg = Release|Any CPU
		{55AEE57E-6B80-4DA3-B6EB-2060986E03B1}.Release|Any CPU.Build.0 = Release|Any CPU
	EndGlobalSection
	GlobalSection(SolutionProperties) = preSolution
		HideSolutionNode = FALSE
	EndGlobalSection
	GlobalSection(NestedProjects) = preSolution
		{55AEE57E-6B80-4DA3-B6EB-2060986E03B1} = {0A8343C4-E270-4EA2-8FD6-D33A93BC0068}
	EndGlobalSection
	GlobalSection(ExtensibilityGlobals) = postSolution
		SolutionGuid = {5EA3A3E9-2D34-4803-84FF-A3B6E2EC1E8F}
	EndGlobalSection
EndGlobal
